
Microsoft Visual Studio Solution File, Format Version 12.00
# Visual Studio Version 16
VisualStudioVersion = 16.0.29709.97
MinimumVisualStudioVersion = 10.0.40219.1
Project("{8BC9CEB8-8B4A-11D0-8D11-00A0C91BC942}") = "exp3task2", "exp3task2.vcxproj", "{26FFD1D5-48B0-49B0-B424-38CCBF7C04DC}"
EndProject
Global
	GlobalSection(SolutionConfigurationPlatforms) = preSolution
		Debug|x64 = Debug|x64
		Debug|x86 = Debug|x86
		Release|x64 = Release|x64
		Release|x86 = Release|x86
	EndGlobalSection
	GlobalSection(ProjectConfigurationPlatforms) = postSolution
		{26FFD1D5-48B0-49B0-B424-38CCBF7C04DC}.Debug|x64.ActiveCfg = Debug|x64
		{26FFD1D5-48B0-49B0-B424-38CCBF7C04DC}.Debug|x64.Build.0 = Debug|x64
		{26FFD1D5-48B0-49B0-B424-38CCBF7C04DC}.Debug|x86.ActiveCfg = Debug|Win32
		{26FFD1D5-48B0-49B0-B424-38CCBF7C04DC}.Debug|x86.Build.0 = Debug|Win32
		{26FFD1D5-48B0-49B0-B424-38CCBF7C04DC}.Release|x64.ActiveCfg = Release|x64
		{26FFD1D5-48B0-49B0-B424-38CCBF7C04DC}.Release|x64.Build.0 = Release|x64
		{26FFD1D5-48B0-49B0-B424-38CCBF7C04DC}.Release|x86.ActiveCfg = Release|Win32
		{26FFD1D5-48B0-49B0-B424-38CCBF7C04DC}.Release|x86.Build.0 = Release|Win32
	EndGlobalSection
	GlobalSection(SolutionProperties) = preSolution
		HideSolutionNode = FALSE
	EndGlobalSection
	GlobalSection(ExtensibilityGlobals) = postSolution
		SolutionGuid = {51A8EF20-FD79-4204-BF1B-A49F87122616}
	EndGlobalSection
EndGlobal
